
Microsoft Visual Studio Solution File, Format Version 12.00
# Visual Studio Version 16
VisualStudioVersion = 16.0.30503.244
MinimumVisualStudioVersion = 10.0.40219.1
Project("{FAE04EC0-301F-11D3-BF4B-00C04F79EFBC}") = "ConsoleApplication", "ConsoleApplication.csproj", "{6940A9C1-4C58-4A27-909E-C936755B56B9}"
EndProject
Global
	GlobalSection(SolutionConfigurationPlatforms) = preSolution
		Debug|Any CPU = Debug|Any CPU
		Release|Any CPU = Release|Any CPU
	EndGlobalSection
	GlobalSection(ProjectConfigurationPlatforms) = postSolution
		{6940A9C1-4C58-4A27-909E-C936755B56B9}.Debug|Any CPU.ActiveCfg = Debug|Any CPU
		{6940A9C1-4C58-4A27-909E-C936755B56B9}.Debug|Any CPU.Build.0 = Debug|Any CPU
		{6940A9C1-4C58-4A27-909E-C936755B56B9}.Release|Any CPU.ActiveCfg = Release|Any CPU
		{6940A9C1-4C58-4A27-909E-C936755B56B9}.Release|Any CPU.Build.0 = Release|Any CPU
	EndGlobalSection
	GlobalSection(SolutionProperties) = preSolution
		HideSolutionNode = FALSE
	EndGlobalSection
	GlobalSection(ExtensibilityGlobals) = postSolution
		SolutionGuid = {5029CBAB-5857-4403-B7C3-B284AB5BF6BC}
	EndGlobalSection
EndGlobal
